{
  "name": "assurity-nz-test",
  "version": "1.0.0",
  "lockfileVersion": 3,
  "requires": true,
  "packages": {
    "": {
      "name": "assurity-nz-test",
      "version": "1.0.0",
      "devDependencies": {
        "@playwright/test": "^1.40.0",
        "@types/node": "^20.10.0",
        "typescript": "^5.3.3"
      }
    },
    "node_modules/@playwright/test": {
      "version": "1.40.0",
      "resolved": "https://registry.npmjs.org/@playwright/test/-/test-1.40.0.tgz",
      "integrity": "sha512-Y1p4weaFWnPPVGqq0BVaLhfKzZt9z+wbRUMQPHswvX8t7rYK6s+nLLfPmL/KjJXFt/w0cGLxdWpKJ+jPRvgEg=="
    },
    "node_modules/@types/node": {
      "version": "20.10.0",
      "resolved": "https://registry.npmjs.org/@types/node/-/node-20.10.0.tgz",
      "integrity": "sha512-D0WfRmD8qQ8oTg1EejM+8OwME/from8hjLHx71sPGxQn4RTXXvuvskip5ZfjBBc2zkg21f2q8IPw2EIFubTDmA=="
    },
    "node_modules/typescript": {
      "version": "5.3.3",
      "resolved": "https://registry.npmjs.org/typescript/-/typescript-5.3.3.tgz",
      "integrity": "sha512-pMGcteU1dEY94/3JH5sFGubK7w+kzVmSJD3hxVWpktqGY0CH5KyVVXRgHdKD/7rcTjgMipImgVEi6NqkHQiSwg=="
    }
  }
}
